PODS:
  - abseil/algorithm/algorithm (1.20210324.0):
    - abseil/base/config
  - abseil/algorithm/container (1.20210324.0):
    - abseil/algorithm/algorithm
    - abseil/base/core_headers
    - abseil/meta/type_traits
  - abseil/base/atomic_hook (1.20210324.0):
    - abseil/base/config
    - abseil/base/core_headers
  - abseil/base/base (1.20210324.0):
    - abseil/base/atomic_hook
    - abseil/base/base_internal
    - abseil/base/config
    - abseil/base/core_headers
    - abseil/base/dynamic_annotations
    - abseil/base/log_severity
    - abseil/base/raw_logging_internal
    - abseil/base/spinlock_wait
    - abseil/meta/type_traits
  - abseil/base/base_internal (1.20210324.0):
    - abseil/base/config
    - abseil/meta/type_traits
  - abseil/base/config (1.20210324.0)
  - abseil/base/core_headers (1.20210324.0):
    - abseil/base/config
  - abseil/base/dynamic_annotations (1.20210324.0):
    - abseil/base/config
    - abseil/base/core_headers
  - abseil/base/endian (1.20210324.0):
    - abseil/base/base
    - abseil/base/config
    - abseil/base/core_headers
  - abseil/base/errno_saver (1.20210324.0):
    - abseil/base/config
  - abseil/base/exponential_biased (1.20210324.0):
    - abseil/base/config
    - abseil/base/core_headers
  - abseil/base/log_severity (1.20210324.0):
    - abseil/base/config
    - abseil/base/core_headers
  - abseil/base/malloc_internal (1.20210324.0):
    - abseil/base/base
    - abseil/base/base_internal
    - abseil/base/config
    - abseil/base/core_headers
    - abseil/base/dynamic_annotations
    - abseil/base/raw_logging_internal
  - abseil/base/raw_logging_internal (1.20210324.0):
    - abseil/base/atomic_hook
    - abseil/base/config
    - abseil/base/core_headers
    - abseil/base/log_severity
  - abseil/base/spinlock_wait (1.20210324.0):
    - abseil/base/base_internal
    - abseil/base/core_headers
    - abseil/base/errno_saver
  - abseil/base/throw_delegate (1.20210324.0):
    - abseil/base/config
    - abseil/base/raw_logging_internal
  - abseil/container/common (1.20210324.0):
    - abseil/meta/type_traits
    - abseil/types/optional
  - abseil/container/compressed_tuple (1.20210324.0):
    - abseil/utility/utility
  - abseil/container/container_memory (1.20210324.0):
    - abseil/base/config
    - abseil/memory/memory
    - abseil/meta/type_traits
    - abseil/utility/utility
  - abseil/container/fixed_array (1.20210324.0):
    - abseil/algorithm/algorithm
    - abseil/base/config
    - abseil/base/core_headers
    - abseil/base/dynamic_annotations
    - abseil/base/throw_delegate
    - abseil/container/compressed_tuple
    - abseil/memory/memory
  - abseil/container/flat_hash_map (1.20210324.0):
    - abseil/algorithm/container
    - abseil/container/container_memory
    - abseil/container/hash_function_defaults
    - abseil/container/raw_hash_map
    - abseil/memory/memory
  - abseil/container/hash_function_defaults (1.20210324.0):
    - abseil/base/config
    - abseil/hash/hash
    - abseil/strings/cord
    - abseil/strings/strings
  - abseil/container/hash_policy_traits (1.20210324.0):
    - abseil/meta/type_traits
  - abseil/container/hashtable_debug_hooks (1.20210324.0):
    - abseil/base/config
  - abseil/container/hashtablez_sampler (1.20210324.0):
    - abseil/base/base
    - abseil/base/core_headers
    - abseil/base/exponential_biased
    - abseil/container/have_sse
    - abseil/debugging/stacktrace
    - abseil/memory/memory
    - abseil/synchronization/synchronization
    - abseil/utility/utility
  - abseil/container/have_sse (1.20210324.0)
  - abseil/container/inlined_vector (1.20210324.0):
    - abseil/algorithm/algorithm
    - abseil/base/core_headers
    - abseil/base/throw_delegate
    - abseil/container/inlined_vector_internal
    - abseil/memory/memory
  - abseil/container/inlined_vector_internal (1.20210324.0):
    - abseil/base/core_headers
    - abseil/container/compressed_tuple
    - abseil/memory/memory
    - abseil/meta/type_traits
    - abseil/types/span
  - abseil/container/layout (1.20210324.0):
    - abseil/base/config
    - abseil/base/core_headers
    - abseil/meta/type_traits
    - abseil/strings/strings
    - abseil/types/span
    - abseil/utility/utility
  - abseil/container/raw_hash_map (1.20210324.0):
    - abseil/base/throw_delegate
    - abseil/container/container_memory
    - abseil/container/raw_hash_set
  - abseil/container/raw_hash_set (1.20210324.0):
    - abseil/base/config
    - abseil/base/core_headers
    - abseil/base/endian
    - abseil/container/common
    - abseil/container/compressed_tuple
    - abseil/container/container_memory
    - abseil/container/hash_policy_traits
    - abseil/container/hashtable_debug_hooks
    - abseil/container/hashtablez_sampler
    - abseil/container/have_sse
    - abseil/container/layout
    - abseil/memory/memory
    - abseil/meta/type_traits
    - abseil/numeric/bits
    - abseil/utility/utility
  - abseil/debugging/debugging_internal (1.20210324.0):
    - abseil/base/config
    - abseil/base/core_headers
    - abseil/base/dynamic_annotations
    - abseil/base/errno_saver
    - abseil/base/raw_logging_internal
  - abseil/debugging/demangle_internal (1.20210324.0):
    - abseil/base/base
    - abseil/base/config
    - abseil/base/core_headers
  - abseil/debugging/stacktrace (1.20210324.0):
    - abseil/base/config
    - abseil/base/core_headers
    - abseil/debugging/debugging_internal
  - abseil/debugging/symbolize (1.20210324.0):
    - abseil/base/base
    - abseil/base/config
    - abseil/base/core_headers
    - abseil/base/dynamic_annotations
    - abseil/base/malloc_internal
    - abseil/base/raw_logging_internal
    - abseil/debugging/debugging_internal
    - abseil/debugging/demangle_internal
    - abseil/strings/strings
  - abseil/functional/bind_front (1.20210324.0):
    - abseil/base/base_internal
    - abseil/container/compressed_tuple
    - abseil/meta/type_traits
    - abseil/utility/utility
  - abseil/functional/function_ref (1.20210324.0):
    - abseil/base/base_internal
    - abseil/meta/type_traits
  - abseil/hash/city (1.20210324.0):
    - abseil/base/config
    - abseil/base/core_headers
    - abseil/base/endian
  - abseil/hash/hash (1.20210324.0):
    - abseil/base/config
    - abseil/base/core_headers
    - abseil/base/endian
    - abseil/container/fixed_array
    - abseil/hash/city
    - abseil/hash/wyhash
    - abseil/meta/type_traits
    - abseil/numeric/int128
    - abseil/strings/strings
    - abseil/types/optional
    - abseil/types/variant
    - abseil/utility/utility
  - abseil/hash/wyhash (1.20210324.0):
    - abseil/base/config
    - abseil/base/endian
    - abseil/numeric/int128
  - abseil/memory/memory (1.20210324.0):
    - abseil/base/core_headers
    - abseil/meta/type_traits
  - abseil/meta/type_traits (1.20210324.0):
    - abseil/base/config
  - abseil/numeric/bits (1.20210324.0):
    - abseil/base/config
    - abseil/base/core_headers
  - abseil/numeric/int128 (1.20210324.0):
    - abseil/base/config
    - abseil/base/core_headers
    - abseil/numeric/bits
  - abseil/numeric/representation (1.20210324.0):
    - abseil/base/config
  - abseil/status/status (1.20210324.0):
    - abseil/base/atomic_hook
    - abseil/base/config
    - abseil/base/core_headers
    - abseil/base/raw_logging_internal
    - abseil/container/inlined_vector
    - abseil/debugging/stacktrace
    - abseil/debugging/symbolize
    - abseil/strings/cord
    - abseil/strings/str_format
    - abseil/strings/strings
    - abseil/types/optional
  - abseil/status/statusor (1.20210324.0):
    - abseil/base/core_headers
    - abseil/base/raw_logging_internal
    - abseil/meta/type_traits
    - abseil/status/status
    - abseil/strings/strings
    - abseil/types/variant
    - abseil/utility/utility
  - abseil/strings/cord (1.20210324.0):
    - abseil/base/base
    - abseil/base/core_headers
    - abseil/base/endian
    - abseil/base/raw_logging_internal
    - abseil/container/fixed_array
    - abseil/container/inlined_vector
    - abseil/functional/function_ref
    - abseil/meta/type_traits
    - abseil/strings/cord_internal
    - abseil/strings/internal
    - abseil/strings/str_format
    - abseil/strings/strings
    - abseil/types/optional
  - abseil/strings/cord_internal (1.20210324.0):
    - abseil/base/base_internal
    - abseil/base/config
    - abseil/base/core_headers
    - abseil/base/endian
    - abseil/base/raw_logging_internal
    - abseil/base/throw_delegate
    - abseil/container/compressed_tuple
    - abseil/container/inlined_vector
    - abseil/container/layout
    - abseil/meta/type_traits
    - abseil/strings/strings
  - abseil/strings/internal (1.20210324.0):
    - abseil/base/config
    - abseil/base/core_headers
    - abseil/base/endian
    - abseil/base/raw_logging_internal
    - abseil/meta/type_traits
  - abseil/strings/str_format (1.20210324.0):
    - abseil/strings/str_format_internal
  - abseil/strings/str_format_internal (1.20210324.0):
    - abseil/base/config
    - abseil/base/core_headers
    - abseil/functional/function_ref
    - abseil/meta/type_traits
    - abseil/numeric/bits
    - abseil/numeric/int128
    - abseil/numeric/representation
    - abseil/strings/strings
    - abseil/types/optional
    - abseil/types/span
  - abseil/strings/strings (1.20210324.0):
    - abseil/base/base
    - abseil/base/config
    - abseil/base/core_headers
    - abseil/base/endian
    - abseil/base/raw_logging_internal
    - abseil/base/throw_delegate
    - abseil/memory/memory
    - abseil/meta/type_traits
    - abseil/numeric/bits
    - abseil/numeric/int128
    - abseil/strings/internal
  - abseil/synchronization/graphcycles_internal (1.20210324.0):
    - abseil/base/base
    - abseil/base/base_internal
    - abseil/base/config
    - abseil/base/core_headers
    - abseil/base/malloc_internal
    - abseil/base/raw_logging_internal
  - abseil/synchronization/kernel_timeout_internal (1.20210324.0):
    - abseil/base/core_headers
    - abseil/base/raw_logging_internal
    - abseil/time/time
  - abseil/synchronization/synchronization (1.20210324.0):
    - abseil/base/atomic_hook
    - abseil/base/base
    - abseil/base/base_internal
    - abseil/base/config
    - abseil/base/core_headers
    - abseil/base/dynamic_annotations
    - abseil/base/malloc_internal
    - abseil/base/raw_logging_internal
    - abseil/debugging/stacktrace
    - abseil/debugging/symbolize
    - abseil/synchronization/graphcycles_internal
    - abseil/synchronization/kernel_timeout_internal
    - abseil/time/time
  - abseil/time/internal/cctz/civil_time (1.20210324.0):
    - abseil/base/config
  - abseil/time/internal/cctz/time_zone (1.20210324.0):
    - abseil/base/config
    - abseil/time/internal/cctz/civil_time
  - abseil/time/time (1.20210324.0):
    - abseil/base/base
    - abseil/base/core_headers
    - abseil/base/raw_logging_internal
    - abseil/numeric/int128
    - abseil/strings/strings
    - abseil/time/internal/cctz/civil_time
    - abseil/time/internal/cctz/time_zone
  - abseil/types/bad_optional_access (1.20210324.0):
    - abseil/base/config
    - abseil/base/raw_logging_internal
  - abseil/types/bad_variant_access (1.20210324.0):
    - abseil/base/config
    - abseil/base/raw_logging_internal
  - abseil/types/optional (1.20210324.0):
    - abseil/base/base_internal
    - abseil/base/config
    - abseil/base/core_headers
    - abseil/memory/memory
    - abseil/meta/type_traits
    - abseil/types/bad_optional_access
    - abseil/utility/utility
  - abseil/types/span (1.20210324.0):
    - abseil/algorithm/algorithm
    - abseil/base/core_headers
    - abseil/base/throw_delegate
    - abseil/meta/type_traits
  - abseil/types/variant (1.20210324.0):
    - abseil/base/base_internal
    - abseil/base/config
    - abseil/base/core_headers
    - abseil/meta/type_traits
    - abseil/types/bad_variant_access
    - abseil/utility/utility
  - abseil/utility/utility (1.20210324.0):
    - abseil/base/base_internal
    - abseil/base/config
    - abseil/meta/type_traits
  - BoringSSL-GRPC (0.0.19):
    - BoringSSL-GRPC/Implementation (= 0.0.19)
    - BoringSSL-GRPC/Interface (= 0.0.19)
  - BoringSSL-GRPC/Implementation (0.0.19):
    - BoringSSL-GRPC/Interface (= 0.0.19)
  - BoringSSL-GRPC/Interface (0.0.19)
  - "gRPC-C++ (1.39.0)":
    - "gRPC-C++/Implementation (= 1.39.0)"
    - "gRPC-C++/Interface (= 1.39.0)"
  - "gRPC-C++/Implementation (1.39.0)":
    - abseil/base/base (= 1.20210324.0)
    - abseil/container/flat_hash_map (= 1.20210324.0)
    - abseil/container/inlined_vector (= 1.20210324.0)
    - abseil/functional/bind_front (= 1.20210324.0)
    - abseil/memory/memory (= 1.20210324.0)
    - abseil/status/status (= 1.20210324.0)
    - abseil/status/statusor (= 1.20210324.0)
    - abseil/strings/str_format (= 1.20210324.0)
    - abseil/strings/strings (= 1.20210324.0)
    - abseil/synchronization/synchronization (= 1.20210324.0)
    - abseil/time/time (= 1.20210324.0)
    - abseil/types/optional (= 1.20210324.0)
    - "gRPC-C++/Interface (= 1.39.0)"
    - gRPC-Core (= 1.39.0)
  - "gRPC-C++/Interface (1.39.0)"
  - "gRPC-C++/Protobuf (1.39.0)":
    - "gRPC-C++/Interface (= 1.39.0)"
  - gRPC-Core (1.39.0):
    - gRPC-Core/Implementation (= 1.39.0)
    - gRPC-Core/Interface (= 1.39.0)
  - gRPC-Core/Implementation (1.39.0):
    - abseil/base/base (= 1.20210324.0)
    - abseil/container/flat_hash_map (= 1.20210324.0)
    - abseil/container/inlined_vector (= 1.20210324.0)
    - abseil/functional/bind_front (= 1.20210324.0)
    - abseil/memory/memory (= 1.20210324.0)
    - abseil/status/status (= 1.20210324.0)
    - abseil/status/statusor (= 1.20210324.0)
    - abseil/strings/str_format (= 1.20210324.0)
    - abseil/strings/strings (= 1.20210324.0)
    - abseil/synchronization/synchronization (= 1.20210324.0)
    - abseil/time/time (= 1.20210324.0)
    - abseil/types/optional (= 1.20210324.0)
    - BoringSSL-GRPC (= 0.0.19)
    - gRPC-Core/Interface (= 1.39.0)
  - gRPC-Core/Interface (1.39.0)
  - "Protobuf-C++ (3.17.3)"

DEPENDENCIES:
  - "gRPC-C++"
  - "gRPC-C++/Protobuf"
  - "Protobuf-C++ (from `https://github.com/google/protobuf.git`, tag `v3.17.3`)"

SPEC REPOS:
  trunk:
    - abseil
    - BoringSSL-GRPC
    - "gRPC-C++"
    - gRPC-Core

EXTERNAL SOURCES:
  "Protobuf-C++":
    :git: https://github.com/google/protobuf.git
    :tag: v3.17.3

CHECKOUT OPTIONS:
  "Protobuf-C++":
    :git: https://github.com/google/protobuf.git
    :tag: v3.17.3

SPEC CHECKSUMS:
  abseil: c12cac4b0b499c3335ac47ac46adf303f0618d13
  BoringSSL-GRPC: a1ddc6446c98c7a0766cd2bab41a0713e80fa7d0
  "gRPC-C++": eefb08df432d7dd44caba1d2bc9fdf7686e1a3ad
  gRPC-Core: 36cd647e4e4f0dd3071bf3379cf159d32e1bd690
  "Protobuf-C++": 09467b43c30aeea730319291bb12048b4ae28352

PODFILE CHECKSUM: 9781d66d53387d429f53a652871715cd4c11474d

COCOAPODS: 1.10.1
