// !$*UTF8*$!
{
	archiveVersion = 1;
	classes = {
	};
	objectVersion = 46;
	objects = {

/* Begin PBXBuildFile section */
		050D45EB1D6070690038F72D /* FBXCTestKit.h in Headers */ = {isa = PBXBuildFile; fileRef = 050D45EA1D6070690038F72D /* FBXCTestKit.h */; settings = {ATTRIBUTES = (Public, ); }; };
		050D45F21D6070690038F72D /* FBXCTestKit.framework in Frameworks */ = {isa = PBXBuildFile; fileRef = 050D45E81D6070690038F72D /* FBXCTestKit.framework */; };
		050D46011D6070A50038F72D /* FBControlCore.framework in Frameworks */ = {isa = PBXBuildFile; fileRef = 050D45FF1D6070A50038F72D /* FBControlCore.framework */; };
		050D46021D6070A50038F72D /* XCTestBootstrap.framework in Frameworks */ = {isa = PBXBuildFile; fileRef = 050D46001D6070A50038F72D /* XCTestBootstrap.framework */; };
		050D46031D6070AC0038F72D /* FBXCTestKit.framework in Frameworks */ = {isa = PBXBuildFile; fileRef = 050D45E81D6070690038F72D /* FBXCTestKit.framework */; };
		050D46051D6071290038F72D /* FBXCTestKit.xcconfig in Resources */ = {isa = PBXBuildFile; fileRef = 050D46041D6071290038F72D /* FBXCTestKit.xcconfig */; };
		050D46071D6071A40038F72D /* FBXCTestKitTests.xcconfig in Resources */ = {isa = PBXBuildFile; fileRef = 050D46061D6071A40038F72D /* FBXCTestKitTests.xcconfig */; };
		050D46231D6074090038F72D /* FBXCTestKitIntegrationTests.m in Sources */ = {isa = PBXBuildFile; fileRef = 050D46221D6074090038F72D /* FBXCTestKitIntegrationTests.m */; };
		050D46271D6074B60038F72D /* FBXCTestKitFixtures.m in Sources */ = {isa = PBXBuildFile; fileRef = 050D46261D6074B60038F72D /* FBXCTestKitFixtures.m */; };
		050D463C1D608AA40038F72D /* FBSimulatorControl.framework in Frameworks */ = {isa = PBXBuildFile; fileRef = 050D463B1D608AA40038F72D /* FBSimulatorControl.framework */; };
		8B354F441FD6F6630017BE5B /* iOSAppFixtureAppTests.xctest in Resources */ = {isa = PBXBuildFile; fileRef = 8B354F431FD6F6620017BE5B /* iOSAppFixtureAppTests.xctest */; };
		8B92AE821FD674A40044E955 /* FBiOSApplicationTestConfigurationTests.m in Sources */ = {isa = PBXBuildFile; fileRef = 8B92AE811FD674A40044E955 /* FBiOSApplicationTestConfigurationTests.m */; };
		AA0639461D999081004B3D12 /* FBControlCoreValueTestCase.m in Sources */ = {isa = PBXBuildFile; fileRef = AA0639451D999081004B3D12 /* FBControlCoreValueTestCase.m */; };
		AA24FFB81D4A6DEA00B429CD /* main.m in Sources */ = {isa = PBXBuildFile; fileRef = AA24FFAE1D4A6DEA00B429CD /* main.m */; };
		AA2CEBB01D65C57F0051962D /* FBXCTestSimulatorFetcher.h in Headers */ = {isa = PBXBuildFile; fileRef = AA2CEBAE1D65C57F0051962D /* FBXCTestSimulatorFetcher.h */; };
		AA2CEBB11D65C57F0051962D /* FBXCTestSimulatorFetcher.m in Sources */ = {isa = PBXBuildFile; fileRef = AA2CEBAF1D65C57F0051962D /* FBXCTestSimulatorFetcher.m */; };
		AA4417E4202A33B800368C1D /* FBXCTestDestinationTests.m in Sources */ = {isa = PBXBuildFile; fileRef = AA4417E3202A33B800368C1D /* FBXCTestDestinationTests.m */; };
		AA719E4F1D672DFC00947611 /* Foundation.framework in Frameworks */ = {isa = PBXBuildFile; fileRef = AA719E4E1D672DFC00947611 /* Foundation.framework */; };
		AA8C727D1EB11019004320A8 /* FBXCTestCommandLine.h in Headers */ = {isa = PBXBuildFile; fileRef = AA8C727B1EB11019004320A8 /* FBXCTestCommandLine.h */; settings = {ATTRIBUTES = (Public, ); }; };
		AA8C727E1EB11019004320A8 /* FBXCTestCommandLine.m in Sources */ = {isa = PBXBuildFile; fileRef = AA8C727C1EB11019004320A8 /* FBXCTestCommandLine.m */; };
		AA8C72D61EB1CF77004320A8 /* FBXCTestBootstrapper.m in Sources */ = {isa = PBXBuildFile; fileRef = AA8C72D51EB1CF77004320A8 /* FBXCTestBootstrapper.m */; };
		AA9A9E491D62F235000B8180 /* FBXCTestBaseRunner.h in Headers */ = {isa = PBXBuildFile; fileRef = AA9A9E471D62F235000B8180 /* FBXCTestBaseRunner.h */; settings = {ATTRIBUTES = (Public, ); }; };
		AA9A9E4A1D62F235000B8180 /* FBXCTestBaseRunner.m in Sources */ = {isa = PBXBuildFile; fileRef = AA9A9E481D62F235000B8180 /* FBXCTestBaseRunner.m */; };
		AAB44FF31D622B6C0059E922 /* iOSUnitTestFixture.xctest in Resources */ = {isa = PBXBuildFile; fileRef = AAB44FF01D622B6C0059E922 /* iOSUnitTestFixture.xctest */; };
		AAB44FF41D622B6C0059E922 /* MacUnitTestFixture.xctest in Resources */ = {isa = PBXBuildFile; fileRef = AAB44FF11D622B6C0059E922 /* MacUnitTestFixture.xctest */; };
		AAB44FF51D622B6C0059E922 /* TableSearch.app in Resources */ = {isa = PBXBuildFile; fileRef = AAB44FF21D622B6C0059E922 /* TableSearch.app */; };
		AAB44FFD1D6236970059E922 /* FBXCTestReporterDouble.m in Sources */ = {isa = PBXBuildFile; fileRef = AAB44FFC1D6236970059E922 /* FBXCTestReporterDouble.m */; };
		AADC9FF11EA9334700F21CFC /* FBXCTestContext.h in Headers */ = {isa = PBXBuildFile; fileRef = AADC9FEF1EA9334700F21CFC /* FBXCTestContext.h */; settings = {ATTRIBUTES = (Public, ); }; };
		AADC9FF21EA9334700F21CFC /* FBXCTestContext.m in Sources */ = {isa = PBXBuildFile; fileRef = AADC9FF01EA9334700F21CFC /* FBXCTestContext.m */; };
		AADF881D20206675004D29F0 /* FBXCTestDestination.m in Sources */ = {isa = PBXBuildFile; fileRef = AADF881B20206675004D29F0 /* FBXCTestDestination.m */; };
		AADF881E20206675004D29F0 /* FBXCTestDestination.h in Headers */ = {isa = PBXBuildFile; fileRef = AADF881C20206675004D29F0 /* FBXCTestDestination.h */; settings = {ATTRIBUTES = (Public, ); }; };
		AAED07AE1E560655005060ED /* XCTestCase+FBXCTestKitTests.m in Sources */ = {isa = PBXBuildFile; fileRef = AAED07AD1E560655005060ED /* XCTestCase+FBXCTestKitTests.m */; };
		EE097E8020CAFAA600DF2566 /* FBTestRunnerApp.app in Resources */ = {isa = PBXBuildFile; fileRef = EE097E7F20CAFAA600DF2566 /* FBTestRunnerApp.app */; };
		EE0E34381FAC7CD90052AA1A /* FBiOSLogicTestConfigurationTests.m in Sources */ = {isa = PBXBuildFile; fileRef = EE0E34351FAC7CD90052AA1A /* FBiOSLogicTestConfigurationTests.m */; };
		EE0E34391FAC7CD90052AA1A /* FBOSXLogicTestConfigurationTests.m in Sources */ = {isa = PBXBuildFile; fileRef = EE0E34361FAC7CD90052AA1A /* FBOSXLogicTestConfigurationTests.m */; };
		EE0E343C1FAC7FCF0052AA1A /* FBiOSUITestConfigurationTests.m in Sources */ = {isa = PBXBuildFile; fileRef = EE0E343B1FAC7FCF0052AA1A /* FBiOSUITestConfigurationTests.m */; };
		EE1EC21B1FCC0F780020C1F4 /* FBOSXUITestConfigurationTests.m in Sources */ = {isa = PBXBuildFile; fileRef = EE737DC21FACD127005DF1F3 /* FBOSXUITestConfigurationTests.m */; };
		EE737DBF1FACD077005DF1F3 /* MacCommonApp.app in Resources */ = {isa = PBXBuildFile; fileRef = EE737DBC1FACD076005DF1F3 /* MacCommonApp.app */; };
		EE737DC01FACD077005DF1F3 /* MacAppFixture.app in Resources */ = {isa = PBXBuildFile; fileRef = EE737DBD1FACD076005DF1F3 /* MacAppFixture.app */; };
		EE737DC11FACD077005DF1F3 /* MacAppUITestsFixture.xctest in Resources */ = {isa = PBXBuildFile; fileRef = EE737DBE1FACD076005DF1F3 /* MacAppUITestsFixture.xctest */; };
		EEFC63961FAC9A2500715F55 /* iOSAppUITestFixture.xctest in Resources */ = {isa = PBXBuildFile; fileRef = EEFC63941FAC9A2400715F55 /* iOSAppUITestFixture.xctest */; };
		EEFC63971FAC9A2500715F55 /* iOSAppFixture.app in Resources */ = {isa = PBXBuildFile; fileRef = EEFC63951FAC9A2400715F55 /* iOSAppFixture.app */; };
/* End PBXBuildFile section */

/* Begin PBXContainerItemProxy section */
		050D45F31D6070690038F72D /* PBXContainerItemProxy */ = {
			isa = PBXContainerItemProxy;
			containerPortal = AA24FF901D4A6D8500B429CD /* Project object */;
			proxyType = 1;
			remoteGlobalIDString = 050D45E71D6070690038F72D;
			remoteInfo = FBXCTestKit;
		};
		050D463D1D608AA90038F72D /* PBXContainerItemProxy */ = {
			isa = PBXContainerItemProxy;
			containerPortal = AA24FF901D4A6D8500B429CD /* Project object */;
			proxyType = 1;
			remoteGlobalIDString = 050D45E71D6070690038F72D;
			remoteInfo = FBXCTestKit;
		};
/* End PBXContainerItemProxy section */

/* Begin PBXCopyFilesBuildPhase section */
		AA24FF961D4A6D8500B429CD /* CopyFiles */ = {
			isa = PBXCopyFilesBuildPhase;
			buildActionMask = 2147483647;
			dstPath = /usr/share/man/man1/;
			dstSubfolderSpec = 0;
			files = (
			);
			runOnlyForDeploymentPostprocessing = 1;
		};
/* End PBXCopyFilesBuildPhase section */

/* Begin PBXFileReference section */
		050D45E81D6070690038F72D /* FBXCTestKit.framework */ = {isa = PBXFileReference; explicitFileType = wrapper.framework; includeInIndex = 0; path = FBXCTestKit.framework; sourceTree = BUILT_PRODUCTS_DIR; };
		050D45EA1D6070690038F72D /* FBXCTestKit.h */ = {isa = PBXFileReference; lastKnownFileType = sourcecode.c.h; path = FBXCTestKit.h; sourceTree = "<group>"; };
		050D45EC1D6070690038F72D /* Info.plist */ = {isa = PBXFileReference; lastKnownFileType = text.plist.xml; path = Info.plist; sourceTree = "<group>"; };
		050D45F11D6070690038F72D /* FBXCTestKitTests.xctest */ = {isa = PBXFileReference; explicitFileType = wrapper.cfbundle; includeInIndex = 0; path = FBXCTestKitTests.xctest; sourceTree = BUILT_PRODUCTS_DIR; };
		050D45F81D6070690038F72D /* Info.plist */ = {isa = PBXFileReference; lastKnownFileType = text.plist.xml; path = Info.plist; sourceTree = "<group>"; };
		050D45FF1D6070A50038F72D /* FBControlCore.framework */ = {isa = PBXFileReference; lastKnownFileType = wrapper.framework; name = FBControlCore.framework; path = "../../../Library/Developer/Xcode/DerivedData/fbxctest-ggloazodethqmqakznelmdxzqbcu/Build/Products/Debug/FBControlCore.framework"; sourceTree = "<group>"; };
		050D46001D6070A50038F72D /* XCTestBootstrap.framework */ = {isa = PBXFileReference; lastKnownFileType = wrapper.framework; name = XCTestBootstrap.framework; path = "../../../Library/Developer/Xcode/DerivedData/fbxctest-ggloazodethqmqakznelmdxzqbcu/Build/Products/Debug/XCTestBootstrap.framework"; sourceTree = "<group>"; };
		050D46041D6071290038F72D /* FBXCTestKit.xcconfig */ = {isa = PBXFileReference; fileEncoding = 4; lastKnownFileType = text.xcconfig; path = FBXCTestKit.xcconfig; sourceTree = "<group>"; };
		050D46061D6071A40038F72D /* FBXCTestKitTests.xcconfig */ = {isa = PBXFileReference; fileEncoding = 4; lastKnownFileType = text.xcconfig; path = FBXCTestKitTests.xcconfig; sourceTree = "<group>"; };
		050D46221D6074090038F72D /* FBXCTestKitIntegrationTests.m */ = {isa = PBXFileReference; fileEncoding = 4; lastKnownFileType = sourcecode.c.objc; path = FBXCTestKitIntegrationTests.m; sourceTree = "<group>"; };
		050D46251D6074B60038F72D /* FBXCTestKitFixtures.h */ = {isa = PBXFileReference; fileEncoding = 4; lastKnownFileType = sourcecode.c.h; path = FBXCTestKitFixtures.h; sourceTree = "<group>"; };
		050D46261D6074B60038F72D /* FBXCTestKitFixtures.m */ = {isa = PBXFileReference; fileEncoding = 4; lastKnownFileType = sourcecode.c.objc; path = FBXCTestKitFixtures.m; sourceTree = "<group>"; };
		050D463B1D608AA40038F72D /* FBSimulatorControl.framework */ = {isa = PBXFileReference; lastKnownFileType = wrapper.framework; name = FBSimulatorControl.framework; path = "../../../Library/Developer/Xcode/DerivedData/fbxctest-ggloazodethqmqakznelmdxzqbcu/Build/Products/Debug/FBSimulatorControl.framework"; sourceTree = "<group>"; };
		3E0DE0BB1D5D6ECB00A2083E /* FBSimulatorControl.framework */ = {isa = PBXFileReference; lastKnownFileType = wrapper.framework; name = FBSimulatorControl.framework; path = ../build/Debug/FBSimulatorControl.framework; sourceTree = "<group>"; };
		8B354F431FD6F6620017BE5B /* iOSAppFixtureAppTests.xctest */ = {isa = PBXFileReference; lastKnownFileType = wrapper; name = iOSAppFixtureAppTests.xctest; path = ../../../Fixtures/Binaries/iOSAppFixtureAppTests.xctest; sourceTree = "<group>"; };
		8B92AE811FD674A40044E955 /* FBiOSApplicationTestConfigurationTests.m */ = {isa = PBXFileReference; lastKnownFileType = sourcecode.c.objc; path = FBiOSApplicationTestConfigurationTests.m; sourceTree = "<group>"; };
		AA0639441D999081004B3D12 /* FBControlCoreValueTestCase.h */ = {isa = PBXFileReference; fileEncoding = 4; lastKnownFileType = sourcecode.c.h; path = FBControlCoreValueTestCase.h; sourceTree = "<group>"; };
		AA0639451D999081004B3D12 /* FBControlCoreValueTestCase.m */ = {isa = PBXFileReference; fileEncoding = 4; lastKnownFileType = sourcecode.c.objc; path = FBControlCoreValueTestCase.m; sourceTree = "<group>"; };
		AA24FF981D4A6D8500B429CD /* fbxctest */ = {isa = PBXFileReference; explicitFileType = "compiled.mach-o.executable"; includeInIndex = 0; path = fbxctest; sourceTree = BUILT_PRODUCTS_DIR; };
		AA24FFAE1D4A6DEA00B429CD /* main.m */ = {isa = PBXFileReference; fileEncoding = 4; lastKnownFileType = sourcecode.c.objc; path = main.m; sourceTree = "<group>"; };
		AA24FFBB1D4A6E1E00B429CD /* fbxctest.xcconfig */ = {isa = PBXFileReference; lastKnownFileType = text.xcconfig; path = fbxctest.xcconfig; sourceTree = "<group>"; };
		AA24FFC01D4A70BE00B429CD /* XCTestBootstrap.framework */ = {isa = PBXFileReference; lastKnownFileType = wrapper.framework; name = XCTestBootstrap.framework; path = "../../../../../../Library/Developer/Xcode/DerivedData/fbxctest-eyhjyfgpghlzbnamzfzbhruxwscz/Build/Products/Debug/XCTestBootstrap.framework"; sourceTree = "<group>"; };
		AA2CEBAE1D65C57F0051962D /* FBXCTestSimulatorFetcher.h */ = {isa = PBXFileReference; fileEncoding = 4; lastKnownFileType = sourcecode.c.h; path = FBXCTestSimulatorFetcher.h; sourceTree = "<group>"; };
		AA2CEBAF1D65C57F0051962D /* FBXCTestSimulatorFetcher.m */ = {isa = PBXFileReference; fileEncoding = 4; lastKnownFileType = sourcecode.c.objc; path = FBXCTestSimulatorFetcher.m; sourceTree = "<group>"; };
		AA4417E3202A33B800368C1D /* FBXCTestDestinationTests.m */ = {isa = PBXFileReference; fileEncoding = 4; lastKnownFileType = sourcecode.c.objc; path = FBXCTestDestinationTests.m; sourceTree = "<group>"; };
		AA719E4E1D672DFC00947611 /* Foundation.framework */ = {isa = PBXFileReference; lastKnownFileType = wrapper.framework; name = Foundation.framework; path = System/Library/Frameworks/Foundation.framework; sourceTree = SDKROOT; };
		AA8C727B1EB11019004320A8 /* FBXCTestCommandLine.h */ = {isa = PBXFileReference; fileEncoding = 4; lastKnownFileType = sourcecode.c.h; path = FBXCTestCommandLine.h; sourceTree = "<group>"; };
		AA8C727C1EB11019004320A8 /* FBXCTestCommandLine.m */ = {isa = PBXFileReference; fileEncoding = 4; lastKnownFileType = sourcecode.c.objc; path = FBXCTestCommandLine.m; sourceTree = "<group>"; };
		AA8C72D41EB1CF77004320A8 /* FBXCTestBootstrapper.h */ = {isa = PBXFileReference; fileEncoding = 4; lastKnownFileType = sourcecode.c.h; path = FBXCTestBootstrapper.h; sourceTree = "<group>"; };
		AA8C72D51EB1CF77004320A8 /* FBXCTestBootstrapper.m */ = {isa = PBXFileReference; fileEncoding = 4; lastKnownFileType = sourcecode.c.objc; path = FBXCTestBootstrapper.m; sourceTree = "<group>"; };
		AA9A9E471D62F235000B8180 /* FBXCTestBaseRunner.h */ = {isa = PBXFileReference; fileEncoding = 4; lastKnownFileType = sourcecode.c.h; path = FBXCTestBaseRunner.h; sourceTree = "<group>"; };
		AA9A9E481D62F235000B8180 /* FBXCTestBaseRunner.m */ = {isa = PBXFileReference; fileEncoding = 4; lastKnownFileType = sourcecode.c.objc; path = FBXCTestBaseRunner.m; sourceTree = "<group>"; };
		AAB44FF01D622B6C0059E922 /* iOSUnitTestFixture.xctest */ = {isa = PBXFileReference; lastKnownFileType = wrapper; name = iOSUnitTestFixture.xctest; path = ../../../Fixtures/Binaries/iOSUnitTestFixture.xctest; sourceTree = "<group>"; };
		AAB44FF11D622B6C0059E922 /* MacUnitTestFixture.xctest */ = {isa = PBXFileReference; lastKnownFileType = wrapper; name = MacUnitTestFixture.xctest; path = ../../../Fixtures/Binaries/MacUnitTestFixture.xctest; sourceTree = "<group>"; };
		AAB44FF21D622B6C0059E922 /* TableSearch.app */ = {isa = PBXFileReference; lastKnownFileType = wrapper.application; name = TableSearch.app; path = ../../../Fixtures/Binaries/TableSearch.app; sourceTree = "<group>"; };
		AAB44FFB1D6236970059E922 /* FBXCTestReporterDouble.h */ = {isa = PBXFileReference; fileEncoding = 4; lastKnownFileType = sourcecode.c.h; path = FBXCTestReporterDouble.h; sourceTree = "<group>"; };
		AAB44FFC1D6236970059E922 /* FBXCTestReporterDouble.m */ = {isa = PBXFileReference; fileEncoding = 4; lastKnownFileType = sourcecode.c.objc; path = FBXCTestReporterDouble.m; sourceTree = "<group>"; };
		AADC9FEF1EA9334700F21CFC /* FBXCTestContext.h */ = {isa = PBXFileReference; fileEncoding = 4; lastKnownFileType = sourcecode.c.h; path = FBXCTestContext.h; sourceTree = "<group>"; };
		AADC9FF01EA9334700F21CFC /* FBXCTestContext.m */ = {isa = PBXFileReference; fileEncoding = 4; lastKnownFileType = sourcecode.c.objc; path = FBXCTestContext.m; sourceTree = "<group>"; };
		AADF881B20206675004D29F0 /* FBXCTestDestination.m */ = {isa = PBXFileReference; fileEncoding = 4; lastKnownFileType = sourcecode.c.objc; path = FBXCTestDestination.m; sourceTree = "<group>"; };
		AADF881C20206675004D29F0 /* FBXCTestDestination.h */ = {isa = PBXFileReference; fileEncoding = 4; lastKnownFileType = sourcecode.c.h; path = FBXCTestDestination.h; sourceTree = "<group>"; };
		AAED07AC1E560655005060ED /* XCTestCase+FBXCTestKitTests.h */ = {isa = PBXFileReference; fileEncoding = 4; lastKnownFileType = sourcecode.c.h; path = "XCTestCase+FBXCTestKitTests.h"; sourceTree = "<group>"; };
		AAED07AD1E560655005060ED /* XCTestCase+FBXCTestKitTests.m */ = {isa = PBXFileReference; fileEncoding = 4; lastKnownFileType = sourcecode.c.objc; path = "XCTestCase+FBXCTestKitTests.m"; sourceTree = "<group>"; };
		EE097E7F20CAFAA600DF2566 /* FBTestRunnerApp.app */ = {isa = PBXFileReference; lastKnownFileType = wrapper.application; name = FBTestRunnerApp.app; path = ../../../Fixtures/Binaries/FBTestRunnerApp.app; sourceTree = "<group>"; };
		EE0E34351FAC7CD90052AA1A /* FBiOSLogicTestConfigurationTests.m */ = {isa = PBXFileReference; fileEncoding = 4; lastKnownFileType = sourcecode.c.objc; path = FBiOSLogicTestConfigurationTests.m; sourceTree = "<group>"; };
		EE0E34361FAC7CD90052AA1A /* FBOSXLogicTestConfigurationTests.m */ = {isa = PBXFileReference; fileEncoding = 4; lastKnownFileType = sourcecode.c.objc; path = FBOSXLogicTestConfigurationTests.m; sourceTree = "<group>"; };
		EE0E343B1FAC7FCF0052AA1A /* FBiOSUITestConfigurationTests.m */ = {isa = PBXFileReference; fileEncoding = 4; lastKnownFileType = sourcecode.c.objc; path = FBiOSUITestConfigurationTests.m; sourceTree = "<group>"; };
		EE737DBC1FACD076005DF1F3 /* MacCommonApp.app */ = {isa = PBXFileReference; lastKnownFileType = wrapper.application; name = MacCommonApp.app; path = ../../../Fixtures/Binaries/MacCommonApp.app; sourceTree = "<group>"; };
		EE737DBD1FACD076005DF1F3 /* MacAppFixture.app */ = {isa = PBXFileReference; lastKnownFileType = wrapper.application; name = MacAppFixture.app; path = ../../../Fixtures/Binaries/MacAppFixture.app; sourceTree = "<group>"; };
		EE737DBE1FACD076005DF1F3 /* MacAppUITestsFixture.xctest */ = {isa = PBXFileReference; lastKnownFileType = wrapper; name = MacAppUITestsFixture.xctest; path = ../../../Fixtures/Binaries/MacAppUITestsFixture.xctest; sourceTree = "<group>"; };
		EE737DC21FACD127005DF1F3 /* FBOSXUITestConfigurationTests.m */ = {isa = PBXFileReference; fileEncoding = 4; lastKnownFileType = sourcecode.c.objc; path = FBOSXUITestConfigurationTests.m; sourceTree = "<group>"; };
		EEFC63941FAC9A2400715F55 /* iOSAppUITestFixture.xctest */ = {isa = PBXFileReference; lastKnownFileType = wrapper; name = iOSAppUITestFixture.xctest; path = ../../../Fixtures/Binaries/iOSAppUITestFixture.xctest; sourceTree = "<group>"; };
		EEFC63951FAC9A2400715F55 /* iOSAppFixture.app */ = {isa = PBXFileReference; lastKnownFileType = wrapper.application; name = iOSAppFixture.app; path = ../../../Fixtures/Binaries/iOSAppFixture.app; sourceTree = "<group>"; };
/* End PBXFileReference section */

/* Begin PBXFrameworksBuildPhase section */
		050D45E41D6070690038F72D /* Frameworks */ = {
			isa = PBXFrameworksBuildPhase;
			buildActionMask = 2147483647;
			files = (
				AA719E4F1D672DFC00947611 /* Foundation.framework in Frameworks */,
				050D463C1D608AA40038F72D /* FBSimulatorControl.framework in Frameworks */,
				050D46011D6070A50038F72D /* FBControlCore.framework in Frameworks */,
				050D46021D6070A50038F72D /* XCTestBootstrap.framework in Frameworks */,
			);
			runOnlyForDeploymentPostprocessing = 0;
		};
		050D45EE1D6070690038F72D /* Frameworks */ = {
			isa = PBXFrameworksBuildPhase;
			buildActionMask = 2147483647;
			files = (
				050D45F21D6070690038F72D /* FBXCTestKit.framework in Frameworks */,
			);
			runOnlyForDeploymentPostprocessing = 0;
		};
		AA24FF951D4A6D8500B429CD /* Frameworks */ = {
			isa = PBXFrameworksBuildPhase;
			buildActionMask = 2147483647;
			files = (
				050D46031D6070AC0038F72D /* FBXCTestKit.framework in Frameworks */,
			);
			runOnlyForDeploymentPostprocessing = 0;
		};
/* End PBXFrameworksBuildPhase section */

/* Begin PBXGroup section */
		050D45E91D6070690038F72D /* FBXCTestKit */ = {
			isa = PBXGroup;
			children = (
				050D45EA1D6070690038F72D /* FBXCTestKit.h */,
				050D45EC1D6070690038F72D /* Info.plist */,
				050D46041D6071290038F72D /* FBXCTestKit.xcconfig */,
				AAFD56791D95131600522DE3 /* Configuration */,
				AA9A9E461D62F235000B8180 /* Runners */,
			);
			path = FBXCTestKit;
			sourceTree = "<group>";
		};
		050D45F51D6070690038F72D /* FBXCTestKitTests */ = {
			isa = PBXGroup;
			children = (
				050D45F81D6070690038F72D /* Info.plist */,
				050D46061D6071A40038F72D /* FBXCTestKitTests.xcconfig */,
				050D46241D6074580038F72D /* Fixtures */,
				AA0639431D999081004B3D12 /* Templates */,
				050D46201D6073DC0038F72D /* Tests */,
				AAB44FFA1D6236970059E922 /* Utilities */,
			);
			path = FBXCTestKitTests;
			sourceTree = "<group>";
		};
		050D46201D6073DC0038F72D /* Tests */ = {
			isa = PBXGroup;
			children = (
				050D46211D6073DC0038F72D /* Integration */,
				AA0639401D998FA7004B3D12 /* Unit */,
			);
			path = Tests;
			sourceTree = "<group>";
		};
		050D46211D6073DC0038F72D /* Integration */ = {
			isa = PBXGroup;
			children = (
				050D46221D6074090038F72D /* FBXCTestKitIntegrationTests.m */,
			);
			path = Integration;
			sourceTree = "<group>";
		};
		050D46241D6074580038F72D /* Fixtures */ = {
			isa = PBXGroup;
			children = (
				EE097E7F20CAFAA600DF2566 /* FBTestRunnerApp.app */,
				050D46251D6074B60038F72D /* FBXCTestKitFixtures.h */,
				050D46261D6074B60038F72D /* FBXCTestKitFixtures.m */,
				EEFC63951FAC9A2400715F55 /* iOSAppFixture.app */,
				8B354F431FD6F6620017BE5B /* iOSAppFixtureAppTests.xctest */,
				EEFC63941FAC9A2400715F55 /* iOSAppUITestFixture.xctest */,
				AAB44FF01D622B6C0059E922 /* iOSUnitTestFixture.xctest */,
				EE737DBD1FACD076005DF1F3 /* MacAppFixture.app */,
				EE737DBE1FACD076005DF1F3 /* MacAppUITestsFixture.xctest */,
				EE737DBC1FACD076005DF1F3 /* MacCommonApp.app */,
				AAB44FF11D622B6C0059E922 /* MacUnitTestFixture.xctest */,
				AAB44FF21D622B6C0059E922 /* TableSearch.app */,
			);
			path = Fixtures;
			sourceTree = "<group>";
		};
		AA0639401D998FA7004B3D12 /* Unit */ = {
			isa = PBXGroup;
			children = (
				8B92AE811FD674A40044E955 /* FBiOSApplicationTestConfigurationTests.m */,
				EE0E34351FAC7CD90052AA1A /* FBiOSLogicTestConfigurationTests.m */,
				EE0E343B1FAC7FCF0052AA1A /* FBiOSUITestConfigurationTests.m */,
				EE0E34361FAC7CD90052AA1A /* FBOSXLogicTestConfigurationTests.m */,
				EE737DC21FACD127005DF1F3 /* FBOSXUITestConfigurationTests.m */,
				AA4417E3202A33B800368C1D /* FBXCTestDestinationTests.m */,
			);
			path = Unit;
			sourceTree = "<group>";
		};
		AA0639431D999081004B3D12 /* Templates */ = {
			isa = PBXGroup;
			children = (
				AA0639441D999081004B3D12 /* FBControlCoreValueTestCase.h */,
				AA0639451D999081004B3D12 /* FBControlCoreValueTestCase.m */,
			);
			name = Templates;
			path = ../../FBControlCoreTests/Templates;
			sourceTree = "<group>";
		};
		AA24FF8F1D4A6D8500B429CD = {
			isa = PBXGroup;
			children = (
				AA24FFA81D4A6DEA00B429CD /* fbxctest */,
				050D45E91D6070690038F72D /* FBXCTestKit */,
				050D45F51D6070690038F72D /* FBXCTestKitTests */,
				AA24FFC21D4A70D600B429CD /* Frameworks */,
				AA24FF991D4A6D8500B429CD /* Products */,
			);
			sourceTree = "<group>";
		};
		AA24FF991D4A6D8500B429CD /* Products */ = {
			isa = PBXGroup;
			children = (
				AA24FF981D4A6D8500B429CD /* fbxctest */,
				050D45E81D6070690038F72D /* FBXCTestKit.framework */,
				050D45F11D6070690038F72D /* FBXCTestKitTests.xctest */,
			);
			name = Products;
			sourceTree = "<group>";
		};
		AA24FFA81D4A6DEA00B429CD /* fbxctest */ = {
			isa = PBXGroup;
			children = (
				AA24FFBB1D4A6E1E00B429CD /* fbxctest.xcconfig */,
				AA8C72D41EB1CF77004320A8 /* FBXCTestBootstrapper.h */,
				AA8C72D51EB1CF77004320A8 /* FBXCTestBootstrapper.m */,
				AA24FFAE1D4A6DEA00B429CD /* main.m */,
			);
			path = fbxctest;
			sourceTree = "<group>";
		};
		AA24FFC21D4A70D600B429CD /* Frameworks */ = {
			isa = PBXGroup;
			children = (
				AA719E4E1D672DFC00947611 /* Foundation.framework */,
				050D463B1D608AA40038F72D /* FBSimulatorControl.framework */,
				050D45FF1D6070A50038F72D /* FBControlCore.framework */,
				050D46001D6070A50038F72D /* XCTestBootstrap.framework */,
				3E0DE0BB1D5D6ECB00A2083E /* FBSimulatorControl.framework */,
				AA24FFC01D4A70BE00B429CD /* XCTestBootstrap.framework */,
			);
			name = Frameworks;
			sourceTree = "<group>";
		};
		AA9A9E461D62F235000B8180 /* Runners */ = {
			isa = PBXGroup;
			children = (
				AA9A9E471D62F235000B8180 /* FBXCTestBaseRunner.h */,
				AA9A9E481D62F235000B8180 /* FBXCTestBaseRunner.m */,
				AA2CEBAE1D65C57F0051962D /* FBXCTestSimulatorFetcher.h */,
				AA2CEBAF1D65C57F0051962D /* FBXCTestSimulatorFetcher.m */,
			);
			path = Runners;
			sourceTree = "<group>";
		};
		AAB44FFA1D6236970059E922 /* Utilities */ = {
			isa = PBXGroup;
			children = (
				AAED07AC1E560655005060ED /* XCTestCase+FBXCTestKitTests.h */,
				AAED07AD1E560655005060ED /* XCTestCase+FBXCTestKitTests.m */,
				AAB44FFB1D6236970059E922 /* FBXCTestReporterDouble.h */,
				AAB44FFC1D6236970059E922 /* FBXCTestReporterDouble.m */,
			);
			path = Utilities;
			sourceTree = "<group>";
		};
		AAFD56791D95131600522DE3 /* Configuration */ = {
			isa = PBXGroup;
			children = (
				AA8C727B1EB11019004320A8 /* FBXCTestCommandLine.h */,
				AA8C727C1EB11019004320A8 /* FBXCTestCommandLine.m */,
				AADC9FEF1EA9334700F21CFC /* FBXCTestContext.h */,
				AADC9FF01EA9334700F21CFC /* FBXCTestContext.m */,
				AADF881C20206675004D29F0 /* FBXCTestDestination.h */,
				AADF881B20206675004D29F0 /* FBXCTestDestination.m */,
			);
			path = Configuration;
			sourceTree = "<group>";
		};
/* End PBXGroup section */

/* Begin PBXHeadersBuildPhase section */
		050D45E51D6070690038F72D /* Headers */ = {
			isa = PBXHeadersBuildPhase;
			buildActionMask = 2147483647;
			files = (
				AA9A9E491D62F235000B8180 /* FBXCTestBaseRunner.h in Headers */,
				AA8C727D1EB11019004320A8 /* FBXCTestCommandLine.h in Headers */,
				AA2CEBB01D65C57F0051962D /* FBXCTestSimulatorFetcher.h in Headers */,
				AADC9FF11EA9334700F21CFC /* FBXCTestContext.h in Headers */,
				AADF881E20206675004D29F0 /* FBXCTestDestination.h in Headers */,
				050D45EB1D6070690038F72D /* FBXCTestKit.h in Headers */,
			);
			runOnlyForDeploymentPostprocessing = 0;
		};
/* End PBXHeadersBuildPhase section */

/* Begin PBXNativeTarget section */
		050D45E71D6070690038F72D /* FBXCTestKit */ = {
			isa = PBXNativeTarget;
			buildConfigurationList = 050D45FD1D6070690038F72D /* Build configuration list for PBXNativeTarget "FBXCTestKit" */;
			buildPhases = (
				050D45E31D6070690038F72D /* Sources */,
				050D45E41D6070690038F72D /* Frameworks */,
				050D45E51D6070690038F72D /* Headers */,
				050D45E61D6070690038F72D /* Resources */,
			);
			buildRules = (
			);
			dependencies = (
			);
			name = FBXCTestKit;
			productName = FBXCTestKit;
			productReference = 050D45E81D6070690038F72D /* FBXCTestKit.framework */;
			productType = "com.apple.product-type.framework";
		};
		050D45F01D6070690038F72D /* FBXCTestKitTests */ = {
			isa = PBXNativeTarget;
			buildConfigurationList = 050D45FE1D6070690038F72D /* Build configuration list for PBXNativeTarget "FBXCTestKitTests" */;
			buildPhases = (
				050D45ED1D6070690038F72D /* Sources */,
				050D45EE1D6070690038F72D /* Frameworks */,
				050D45EF1D6070690038F72D /* Resources */,
			);
			buildRules = (
			);
			dependencies = (
				050D45F41D6070690038F72D /* PBXTargetDependency */,
			);
			name = FBXCTestKitTests;
			productName = FBXCTestKitTests;
			productReference = 050D45F11D6070690038F72D /* FBXCTestKitTests.xctest */;
			productType = "com.apple.product-type.bundle.unit-test";
		};
		AA24FF971D4A6D8500B429CD /* fbxctest */ = {
			isa = PBXNativeTarget;
			buildConfigurationList = AA24FF9F1D4A6D8500B429CD /* Build configuration list for PBXNativeTarget "fbxctest" */;
			buildPhases = (
				AA24FF941D4A6D8500B429CD /* Sources */,
				AA24FF951D4A6D8500B429CD /* Frameworks */,
				AA24FF961D4A6D8500B429CD /* CopyFiles */,
			);
			buildRules = (
			);
			dependencies = (
				050D463E1D608AA90038F72D /* PBXTargetDependency */,
			);
			name = fbxctest;
			productName = fbxctest;
			productReference = AA24FF981D4A6D8500B429CD /* fbxctest */;
			productType = "com.apple.product-type.tool";
		};
/* End PBXNativeTarget section */

/* Begin PBXProject section */
		AA24FF901D4A6D8500B429CD /* Project object */ = {
			isa = PBXProject;
			attributes = {
				LastUpgradeCheck = 0730;
				ORGANIZATIONNAME = Facebook;
				TargetAttributes = {
					050D45E71D6070690038F72D = {
						CreatedOnToolsVersion = 7.3.1;
					};
					050D45F01D6070690038F72D = {
						CreatedOnToolsVersion = 7.3.1;
					};
					AA24FF971D4A6D8500B429CD = {
						CreatedOnToolsVersion = 7.3.1;
					};
				};
			};
			buildConfigurationList = AA24FF931D4A6D8500B429CD /* Build configuration list for PBXProject "fbxctest" */;
			compatibilityVersion = "Xcode 3.2";
			developmentRegion = English;
			hasScannedForEncodings = 0;
			knownRegions = (
				en,
			);
			mainGroup = AA24FF8F1D4A6D8500B429CD;
			productRefGroup = AA24FF991D4A6D8500B429CD /* Products */;
			projectDirPath = "";
			projectRoot = "";
			targets = (
				AA24FF971D4A6D8500B429CD /* fbxctest */,
				050D45E71D6070690038F72D /* FBXCTestKit */,
				050D45F01D6070690038F72D /* FBXCTestKitTests */,
			);
		};
/* End PBXProject section */

/* Begin PBXResourcesBuildPhase section */
		050D45E61D6070690038F72D /* Resources */ = {
			isa = PBXResourcesBuildPhase;
			buildActionMask = 2147483647;
			files = (
				050D46051D6071290038F72D /* FBXCTestKit.xcconfig in Resources */,
			);
			runOnlyForDeploymentPostprocessing = 0;
		};
		050D45EF1D6070690038F72D /* Resources */ = {
			isa = PBXResourcesBuildPhase;
			buildActionMask = 2147483647;
			files = (
				EEFC63961FAC9A2500715F55 /* iOSAppUITestFixture.xctest in Resources */,
				EE737DC01FACD077005DF1F3 /* MacAppFixture.app in Resources */,
				AAB44FF51D622B6C0059E922 /* TableSearch.app in Resources */,
				EE097E8020CAFAA600DF2566 /* FBTestRunnerApp.app in Resources */,
				AAB44FF31D622B6C0059E922 /* iOSUnitTestFixture.xctest in Resources */,
				050D46071D6071A40038F72D /* FBXCTestKitTests.xcconfig in Resources */,
				AAB44FF41D622B6C0059E922 /* MacUnitTestFixture.xctest in Resources */,
				EE737DBF1FACD077005DF1F3 /* MacCommonApp.app in Resources */,
				EEFC63971FAC9A2500715F55 /* iOSAppFixture.app in Resources */,
				EE737DC11FACD077005DF1F3 /* MacAppUITestsFixture.xctest in Resources */,
				8B354F441FD6F6630017BE5B /* iOSAppFixtureAppTests.xctest in Resources */,
			);
			runOnlyForDeploymentPostprocessing = 0;
		};
/* End PBXResourcesBuildPhase section */

/* Begin PBXSourcesBuildPhase section */
		050D45E31D6070690038F72D /* Sources */ = {
			isa = PBXSourcesBuildPhase;
			buildActionMask = 2147483647;
			files = (
				AA8C727E1EB11019004320A8 /* FBXCTestCommandLine.m in Sources */,
				AA9A9E4A1D62F235000B8180 /* FBXCTestBaseRunner.m in Sources */,
				AADF881D20206675004D29F0 /* FBXCTestDestination.m in Sources */,
				AA2CEBB11D65C57F0051962D /* FBXCTestSimulatorFetcher.m in Sources */,
				AADC9FF21EA9334700F21CFC /* FBXCTestContext.m in Sources */,
			);
			runOnlyForDeploymentPostprocessing = 0;
		};
		050D45ED1D6070690038F72D /* Sources */ = {
			isa = PBXSourcesBuildPhase;
			buildActionMask = 2147483647;
			files = (
				AA0639461D999081004B3D12 /* FBControlCoreValueTestCase.m in Sources */,
				AA4417E4202A33B800368C1D /* FBXCTestDestinationTests.m in Sources */,
				EE0E343C1FAC7FCF0052AA1A /* FBiOSUITestConfigurationTests.m in Sources */,
				EE0E34391FAC7CD90052AA1A /* FBOSXLogicTestConfigurationTests.m in Sources */,
				050D46231D6074090038F72D /* FBXCTestKitIntegrationTests.m in Sources */,
				EE1EC21B1FCC0F780020C1F4 /* FBOSXUITestConfigurationTests.m in Sources */,
				AAED07AE1E560655005060ED /* XCTestCase+FBXCTestKitTests.m in Sources */,
				EE0E34381FAC7CD90052AA1A /* FBiOSLogicTestConfigurationTests.m in Sources */,
				AAB44FFD1D6236970059E922 /* FBXCTestReporterDouble.m in Sources */,
				8B92AE821FD674A40044E955 /* FBiOSApplicationTestConfigurationTests.m in Sources */,
				050D46271D6074B60038F72D /* FBXCTestKitFixtures.m in Sources */,
			);
			runOnlyForDeploymentPostprocessing = 0;
		};
		AA24FF941D4A6D8500B429CD /* Sources */ = {
			isa = PBXSourcesBuildPhase;
			buildActionMask = 2147483647;
			files = (
				AA24FFB81D4A6DEA00B429CD /* main.m in Sources */,
				AA8C72D61EB1CF77004320A8 /* FBXCTestBootstrapper.m in Sources */,
			);
			runOnlyForDeploymentPostprocessing = 0;
		};
/* End PBXSourcesBuildPhase section */

/* Begin PBXTargetDependency section */
		050D45F41D6070690038F72D /* PBXTargetDependency */ = {
			isa = PBXTargetDependency;
			target = 050D45E71D6070690038F72D /* FBXCTestKit */;
			targetProxy = 050D45F31D6070690038F72D /* PBXContainerItemProxy */;
		};
		050D463E1D608AA90038F72D /* PBXTargetDependency */ = {
			isa = PBXTargetDependency;
			target = 050D45E71D6070690038F72D /* FBXCTestKit */;
			targetProxy = 050D463D1D608AA90038F72D /* PBXContainerItemProxy */;
		};
/* End PBXTargetDependency section */

/* Begin XCBuildConfiguration section */
		050D45F91D6070690038F72D /* Debug */ = {
			isa = XCBuildConfiguration;
			baseConfigurationReference = 050D46041D6071290038F72D /* FBXCTestKit.xcconfig */;
			buildSettings = {
			};
			name = Debug;
		};
		050D45FA1D6070690038F72D /* Release */ = {
			isa = XCBuildConfiguration;
			baseConfigurationReference = 050D46041D6071290038F72D /* FBXCTestKit.xcconfig */;
			buildSettings = {
			};
			name = Release;
		};
		050D45FB1D6070690038F72D /* Debug */ = {
			isa = XCBuildConfiguration;
			baseConfigurationReference = 050D46061D6071A40038F72D /* FBXCTestKitTests.xcconfig */;
			buildSettings = {
			};
			name = Debug;
		};
		050D45FC1D6070690038F72D /* Release */ = {
			isa = XCBuildConfiguration;
			baseConfigurationReference = 050D46061D6071A40038F72D /* FBXCTestKitTests.xcconfig */;
			buildSettings = {
			};
			name = Release;
		};
		AA24FF9D1D4A6D8500B429CD /* Debug */ = {
			isa = XCBuildConfiguration;
			baseConfigurationReference = AA24FFBB1D4A6E1E00B429CD /* fbxctest.xcconfig */;
			buildSettings = {
			};
			name = Debug;
		};
		AA24FF9E1D4A6D8500B429CD /* Release */ = {
			isa = XCBuildConfiguration;
			baseConfigurationReference = AA24FFBB1D4A6E1E00B429CD /* fbxctest.xcconfig */;
			buildSettings = {
			};
			name = Release;
		};
		AA24FFA01D4A6D8500B429CD /* Debug */ = {
			isa = XCBuildConfiguration;
			baseConfigurationReference = AA24FFBB1D4A6E1E00B429CD /* fbxctest.xcconfig */;
			buildSettings = {
			};
			name = Debug;
		};
		AA24FFA11D4A6D8500B429CD /* Release */ = {
			isa = XCBuildConfiguration;
			baseConfigurationReference = AA24FFBB1D4A6E1E00B429CD /* fbxctest.xcconfig */;
			buildSettings = {
			};
			name = Release;
		};
/* End XCBuildConfiguration section */

/* Begin XCConfigurationList section */
		050D45FD1D6070690038F72D /* Build configuration list for PBXNativeTarget "FBXCTestKit" */ = {
			isa = XCConfigurationList;
			buildConfigurations = (
				050D45F91D6070690038F72D /* Debug */,
				050D45FA1D6070690038F72D /* Release */,
			);
			defaultConfigurationIsVisible = 0;
			defaultConfigurationName = Release;
		};
		050D45FE1D6070690038F72D /* Build configuration list for PBXNativeTarget "FBXCTestKitTests" */ = {
			isa = XCConfigurationList;
			buildConfigurations = (
				050D45FB1D6070690038F72D /* Debug */,
				050D45FC1D6070690038F72D /* Release */,
			);
			defaultConfigurationIsVisible = 0;
			defaultConfigurationName = Release;
		};
		AA24FF931D4A6D8500B429CD /* Build configuration list for PBXProject "fbxctest" */ = {
			isa = XCConfigurationList;
			buildConfigurations = (
				AA24FF9D1D4A6D8500B429CD /* Debug */,
				AA24FF9E1D4A6D8500B429CD /* Release */,
			);
			defaultConfigurationIsVisible = 0;
			defaultConfigurationName = Release;
		};
		AA24FF9F1D4A6D8500B429CD /* Build configuration list for PBXNativeTarget "fbxctest" */ = {
			isa = XCConfigurationList;
			buildConfigurations = (
				AA24FFA01D4A6D8500B429CD /* Debug */,
				AA24FFA11D4A6D8500B429CD /* Release */,
			);
			defaultConfigurationIsVisible = 0;
			defaultConfigurationName = Release;
		};
/* End XCConfigurationList section */
	};
	rootObject = AA24FF901D4A6D8500B429CD /* Project object */;
}
