// !$*UTF8*$!
{
	archiveVersion = 1;
	classes = {
	};
	objectVersion = 46;
	objects = {

/* Begin PBXBuildFile section */
		AA017F491BD777B600F45E9D /* main.m in Sources */ = {isa = PBXBuildFile; fileRef = AA017F481BD777B600F45E9D /* main.m */; };
		AA56EAEB1EEF089A0062C2BC /* XCTestShim.m in Sources */ = {isa = PBXBuildFile; fileRef = AAB07DEE1E8EC07000897C94 /* XCTestShim.m */; };
		AAB07DEF1E8EC07000897C94 /* XCTestShim.m in Sources */ = {isa = PBXBuildFile; fileRef = AAB07DEE1E8EC07000897C94 /* XCTestShim.m */; };
/* End PBXBuildFile section */

/* Begin PBXFileReference section */
		AA017F411BD7776B00F45E9D /* libShimulator.dylib */ = {isa = PBXFileReference; explicitFileType = "compiled.mach-o.dylib"; includeInIndex = 0; path = libShimulator.dylib; sourceTree = BUILT_PRODUCTS_DIR; };
		AA017F481BD777B600F45E9D /* main.m */ = {isa = PBXFileReference; fileEncoding = 4; lastKnownFileType = sourcecode.c.objc; path = main.m; sourceTree = "<group>"; };
		AA56EAE21EEF08720062C2BC /* libMaculator.dylib */ = {isa = PBXFileReference; explicitFileType = "compiled.mach-o.dylib"; includeInIndex = 0; path = libMaculator.dylib; sourceTree = BUILT_PRODUCTS_DIR; };
		AA56EAEC1EEFC5270062C2BC /* Shimulator.xcconfig */ = {isa = PBXFileReference; lastKnownFileType = text.xcconfig; path = Shimulator.xcconfig; sourceTree = "<group>"; };
		AA56EAED1EEFC6090062C2BC /* Maculator.xcconfig */ = {isa = PBXFileReference; lastKnownFileType = text.xcconfig; path = Maculator.xcconfig; sourceTree = "<group>"; };
		AAB07DEE1E8EC07000897C94 /* XCTestShim.m */ = {isa = PBXFileReference; fileEncoding = 4; lastKnownFileType = sourcecode.c.objc; path = XCTestShim.m; sourceTree = "<group>"; };
		AAB07DF01E8EC0F400897C94 /* dyld-interposing.h */ = {isa = PBXFileReference; lastKnownFileType = sourcecode.c.h; path = "dyld-interposing.h"; sourceTree = "<group>"; };
		AAB07DF11E8EC14D00897C94 /* XCTestPrivate.h */ = {isa = PBXFileReference; lastKnownFileType = sourcecode.c.h; path = XCTestPrivate.h; sourceTree = "<group>"; };
		AAB07DF21E8EC1D200897C94 /* ReporterEvents.h */ = {isa = PBXFileReference; lastKnownFileType = sourcecode.c.h; path = ReporterEvents.h; sourceTree = "<group>"; };
/* End PBXFileReference section */

/* Begin PBXFrameworksBuildPhase section */
		AA017F3E1BD7776B00F45E9D /* Frameworks */ = {
			isa = PBXFrameworksBuildPhase;
			buildActionMask = 2147483647;
			files = (
			);
			runOnlyForDeploymentPostprocessing = 0;
		};
		AA56EADF1EEF08720062C2BC /* Frameworks */ = {
			isa = PBXFrameworksBuildPhase;
			buildActionMask = 2147483647;
			files = (
			);
			runOnlyForDeploymentPostprocessing = 0;
		};
/* End PBXFrameworksBuildPhase section */

/* Begin PBXGroup section */
		AA017F381BD7776B00F45E9D = {
			isa = PBXGroup;
			children = (
				AAB07DF01E8EC0F400897C94 /* dyld-interposing.h */,
				AAB07DF21E8EC1D200897C94 /* ReporterEvents.h */,
				AAB07DF11E8EC14D00897C94 /* XCTestPrivate.h */,
				AA017F481BD777B600F45E9D /* main.m */,
				AAB07DEE1E8EC07000897C94 /* XCTestShim.m */,
				AA56EAED1EEFC6090062C2BC /* Maculator.xcconfig */,
				AA56EAEC1EEFC5270062C2BC /* Shimulator.xcconfig */,
				AA017F421BD7776B00F45E9D /* Products */,
			);
			sourceTree = "<group>";
		};
		AA017F421BD7776B00F45E9D /* Products */ = {
			isa = PBXGroup;
			children = (
				AA017F411BD7776B00F45E9D /* libShimulator.dylib */,
				AA56EAE21EEF08720062C2BC /* libMaculator.dylib */,
			);
			name = Products;
			sourceTree = "<group>";
		};
/* End PBXGroup section */

/* Begin PBXHeadersBuildPhase section */
		AA017F3F1BD7776B00F45E9D /* Headers */ = {
			isa = PBXHeadersBuildPhase;
			buildActionMask = 2147483647;
			files = (
			);
			runOnlyForDeploymentPostprocessing = 0;
		};
		AA56EAE01EEF08720062C2BC /* Headers */ = {
			isa = PBXHeadersBuildPhase;
			buildActionMask = 2147483647;
			files = (
			);
			runOnlyForDeploymentPostprocessing = 0;
		};
/* End PBXHeadersBuildPhase section */

/* Begin PBXNativeTarget section */
		AA017F401BD7776B00F45E9D /* Shimulator */ = {
			isa = PBXNativeTarget;
			buildConfigurationList = AA017F451BD7776B00F45E9D /* Build configuration list for PBXNativeTarget "Shimulator" */;
			buildPhases = (
				AA017F3D1BD7776B00F45E9D /* Sources */,
				AA017F3E1BD7776B00F45E9D /* Frameworks */,
				AA017F3F1BD7776B00F45E9D /* Headers */,
			);
			buildRules = (
			);
			dependencies = (
			);
			name = Shimulator;
			productName = Shimulator;
			productReference = AA017F411BD7776B00F45E9D /* libShimulator.dylib */;
			productType = "com.apple.product-type.library.dynamic";
		};
		AA56EAE11EEF08720062C2BC /* Maculator */ = {
			isa = PBXNativeTarget;
			buildConfigurationList = AA56EAEA1EEF08720062C2BC /* Build configuration list for PBXNativeTarget "Maculator" */;
			buildPhases = (
				AA56EADE1EEF08720062C2BC /* Sources */,
				AA56EADF1EEF08720062C2BC /* Frameworks */,
				AA56EAE01EEF08720062C2BC /* Headers */,
			);
			buildRules = (
			);
			dependencies = (
			);
			name = Maculator;
			productName = Maculator;
			productReference = AA56EAE21EEF08720062C2BC /* libMaculator.dylib */;
			productType = "com.apple.product-type.library.dynamic";
		};
/* End PBXNativeTarget section */

/* Begin PBXProject section */
		AA017F391BD7776B00F45E9D /* Project object */ = {
			isa = PBXProject;
			attributes = {
				LastUpgradeCheck = 0700;
				ORGANIZATIONNAME = Facebook;
				TargetAttributes = {
					AA017F401BD7776B00F45E9D = {
						CreatedOnToolsVersion = 7.0.1;
					};
					AA56EAE11EEF08720062C2BC = {
						CreatedOnToolsVersion = 9.0;
					};
				};
			};
			buildConfigurationList = AA017F3C1BD7776B00F45E9D /* Build configuration list for PBXProject "Shimulator" */;
			compatibilityVersion = "Xcode 3.2";
			developmentRegion = English;
			hasScannedForEncodings = 0;
			knownRegions = (
				en,
			);
			mainGroup = AA017F381BD7776B00F45E9D;
			productRefGroup = AA017F421BD7776B00F45E9D /* Products */;
			projectDirPath = "";
			projectRoot = "";
			targets = (
				AA017F401BD7776B00F45E9D /* Shimulator */,
				AA56EAE11EEF08720062C2BC /* Maculator */,
			);
		};
/* End PBXProject section */

/* Begin PBXSourcesBuildPhase section */
		AA017F3D1BD7776B00F45E9D /* Sources */ = {
			isa = PBXSourcesBuildPhase;
			buildActionMask = 2147483647;
			files = (
				AA017F491BD777B600F45E9D /* main.m in Sources */,
				AAB07DEF1E8EC07000897C94 /* XCTestShim.m in Sources */,
			);
			runOnlyForDeploymentPostprocessing = 0;
		};
		AA56EADE1EEF08720062C2BC /* Sources */ = {
			isa = PBXSourcesBuildPhase;
			buildActionMask = 2147483647;
			files = (
				AA56EAEB1EEF089A0062C2BC /* XCTestShim.m in Sources */,
			);
			runOnlyForDeploymentPostprocessing = 0;
		};
/* End PBXSourcesBuildPhase section */

/* Begin XCBuildConfiguration section */
		AA017F431BD7776B00F45E9D /* Debug */ = {
			isa = XCBuildConfiguration;
			buildSettings = {
				CLANG_ENABLE_MODULES = YES;
			};
			name = Debug;
		};
		AA017F441BD7776B00F45E9D /* Release */ = {
			isa = XCBuildConfiguration;
			buildSettings = {
				CLANG_ENABLE_MODULES = YES;
			};
			name = Release;
		};
		AA017F461BD7776B00F45E9D /* Debug */ = {
			isa = XCBuildConfiguration;
			baseConfigurationReference = AA56EAEC1EEFC5270062C2BC /* Shimulator.xcconfig */;
			buildSettings = {
			};
			name = Debug;
		};
		AA017F471BD7776B00F45E9D /* Release */ = {
			isa = XCBuildConfiguration;
			baseConfigurationReference = AA56EAEC1EEFC5270062C2BC /* Shimulator.xcconfig */;
			buildSettings = {
			};
			name = Release;
		};
		AA56EAE81EEF08720062C2BC /* Debug */ = {
			isa = XCBuildConfiguration;
			baseConfigurationReference = AA56EAED1EEFC6090062C2BC /* Maculator.xcconfig */;
			buildSettings = {
			};
			name = Debug;
		};
		AA56EAE91EEF08720062C2BC /* Release */ = {
			isa = XCBuildConfiguration;
			baseConfigurationReference = AA56EAED1EEFC6090062C2BC /* Maculator.xcconfig */;
			buildSettings = {
			};
			name = Release;
		};
/* End XCBuildConfiguration section */

/* Begin XCConfigurationList section */
		AA017F3C1BD7776B00F45E9D /* Build configuration list for PBXProject "Shimulator" */ = {
			isa = XCConfigurationList;
			buildConfigurations = (
				AA017F431BD7776B00F45E9D /* Debug */,
				AA017F441BD7776B00F45E9D /* Release */,
			);
			defaultConfigurationIsVisible = 0;
			defaultConfigurationName = Release;
		};
		AA017F451BD7776B00F45E9D /* Build configuration list for PBXNativeTarget "Shimulator" */ = {
			isa = XCConfigurationList;
			buildConfigurations = (
				AA017F461BD7776B00F45E9D /* Debug */,
				AA017F471BD7776B00F45E9D /* Release */,
			);
			defaultConfigurationIsVisible = 0;
			defaultConfigurationName = Release;
		};
		AA56EAEA1EEF08720062C2BC /* Build configuration list for PBXNativeTarget "Maculator" */ = {
			isa = XCConfigurationList;
			buildConfigurations = (
				AA56EAE81EEF08720062C2BC /* Debug */,
				AA56EAE91EEF08720062C2BC /* Release */,
			);
			defaultConfigurationIsVisible = 0;
			defaultConfigurationName = Release;
		};
/* End XCConfigurationList section */
	};
	rootObject = AA017F391BD7776B00F45E9D /* Project object */;
}
