// !$*UTF8*$!
{
	archiveVersion = 1;
	classes = {
	};
	objectVersion = 46;
	objects = {

/* Begin PBXBuildFile section */
		EED62EDE20D12217006E86E5 /* XCTestPrivate.h in Headers */ = {isa = PBXBuildFile; fileRef = EED62EDB20D12217006E86E5 /* XCTestPrivate.h */; };
		EED62EDF20D12217006E86E5 /* XCTestPrivate.h in Headers */ = {isa = PBXBuildFile; fileRef = EED62EDB20D12217006E86E5 /* XCTestPrivate.h */; };
		EED62EE220D12242006E86E5 /* ReporterEvents.h in Headers */ = {isa = PBXBuildFile; fileRef = EED62EE020D12242006E86E5 /* ReporterEvents.h */; };
		EED62EE320D12242006E86E5 /* ReporterEvents.h in Headers */ = {isa = PBXBuildFile; fileRef = EED62EE020D12242006E86E5 /* ReporterEvents.h */; };
		EED62EE420D12242006E86E5 /* XCTestReporterShim.m in Sources */ = {isa = PBXBuildFile; fileRef = EED62EE120D12242006E86E5 /* XCTestReporterShim.m */; };
		EED62EE520D12242006E86E5 /* XCTestReporterShim.m in Sources */ = {isa = PBXBuildFile; fileRef = EED62EE120D12242006E86E5 /* XCTestReporterShim.m */; };
		EED62EE720D1224C006E86E5 /* TestCrashShim.m in Sources */ = {isa = PBXBuildFile; fileRef = EED62EE620D1224C006E86E5 /* TestCrashShim.m */; };
		EED62EED20D12432006E86E5 /* FBRuntimeTools.m in Sources */ = {isa = PBXBuildFile; fileRef = EED62EE920D12431006E86E5 /* FBRuntimeTools.m */; };
		EED62EEE20D12432006E86E5 /* FBRuntimeTools.m in Sources */ = {isa = PBXBuildFile; fileRef = EED62EE920D12431006E86E5 /* FBRuntimeTools.m */; };
		EED62EEF20D12432006E86E5 /* FBRuntimeTools.h in Headers */ = {isa = PBXBuildFile; fileRef = EED62EEA20D12431006E86E5 /* FBRuntimeTools.h */; };
		EED62EF020D12432006E86E5 /* FBRuntimeTools.h in Headers */ = {isa = PBXBuildFile; fileRef = EED62EEA20D12431006E86E5 /* FBRuntimeTools.h */; };
		EED62EF120D12432006E86E5 /* FBDebugLog.h in Headers */ = {isa = PBXBuildFile; fileRef = EED62EEB20D12431006E86E5 /* FBDebugLog.h */; };
		EED62EF220D12432006E86E5 /* FBDebugLog.h in Headers */ = {isa = PBXBuildFile; fileRef = EED62EEB20D12431006E86E5 /* FBDebugLog.h */; };
		EED62EF320D12432006E86E5 /* FBDebugLog.m in Sources */ = {isa = PBXBuildFile; fileRef = EED62EEC20D12432006E86E5 /* FBDebugLog.m */; };
		EED62EF420D12432006E86E5 /* FBDebugLog.m in Sources */ = {isa = PBXBuildFile; fileRef = EED62EEC20D12432006E86E5 /* FBDebugLog.m */; };
		EED62EF720D1243E006E86E5 /* FBXCTestMain.h in Headers */ = {isa = PBXBuildFile; fileRef = EED62EF520D1243E006E86E5 /* FBXCTestMain.h */; };
		EED62EF820D1243E006E86E5 /* FBXCTestMain.h in Headers */ = {isa = PBXBuildFile; fileRef = EED62EF520D1243E006E86E5 /* FBXCTestMain.h */; };
		EED62EF920D1243E006E86E5 /* FBXCTestMain.m in Sources */ = {isa = PBXBuildFile; fileRef = EED62EF620D1243E006E86E5 /* FBXCTestMain.m */; };
		EED62EFA20D1243E006E86E5 /* FBXCTestMain.m in Sources */ = {isa = PBXBuildFile; fileRef = EED62EF620D1243E006E86E5 /* FBXCTestMain.m */; };
/* End PBXBuildFile section */

/* Begin PBXFileReference section */
		AA017F411BD7776B00F45E9D /* libShimulator.dylib */ = {isa = PBXFileReference; explicitFileType = "compiled.mach-o.dylib"; includeInIndex = 0; path = libShimulator.dylib; sourceTree = BUILT_PRODUCTS_DIR; };
		AA56EAE21EEF08720062C2BC /* libMaculator.dylib */ = {isa = PBXFileReference; explicitFileType = "compiled.mach-o.dylib"; includeInIndex = 0; path = libMaculator.dylib; sourceTree = BUILT_PRODUCTS_DIR; };
		EED62ED820D12209006E86E5 /* Maculator.xcconfig */ = {isa = PBXFileReference; lastKnownFileType = text.xcconfig; path = Maculator.xcconfig; sourceTree = "<group>"; };
		EED62ED920D12209006E86E5 /* Shimulator.xcconfig */ = {isa = PBXFileReference; lastKnownFileType = text.xcconfig; path = Shimulator.xcconfig; sourceTree = "<group>"; };
		EED62EDB20D12217006E86E5 /* XCTestPrivate.h */ = {isa = PBXFileReference; fileEncoding = 4; lastKnownFileType = sourcecode.c.h; path = XCTestPrivate.h; sourceTree = "<group>"; };
		EED62EE020D12242006E86E5 /* ReporterEvents.h */ = {isa = PBXFileReference; fileEncoding = 4; lastKnownFileType = sourcecode.c.h; path = ReporterEvents.h; sourceTree = "<group>"; };
		EED62EE120D12242006E86E5 /* XCTestReporterShim.m */ = {isa = PBXFileReference; fileEncoding = 4; lastKnownFileType = sourcecode.c.objc; path = XCTestReporterShim.m; sourceTree = "<group>"; };
		EED62EE620D1224C006E86E5 /* TestCrashShim.m */ = {isa = PBXFileReference; fileEncoding = 4; lastKnownFileType = sourcecode.c.objc; path = TestCrashShim.m; sourceTree = "<group>"; };
		EED62EE920D12431006E86E5 /* FBRuntimeTools.m */ = {isa = PBXFileReference; fileEncoding = 4; lastKnownFileType = sourcecode.c.objc; path = FBRuntimeTools.m; sourceTree = "<group>"; };
		EED62EEA20D12431006E86E5 /* FBRuntimeTools.h */ = {isa = PBXFileReference; fileEncoding = 4; lastKnownFileType = sourcecode.c.h; path = FBRuntimeTools.h; sourceTree = "<group>"; };
		EED62EEB20D12431006E86E5 /* FBDebugLog.h */ = {isa = PBXFileReference; fileEncoding = 4; lastKnownFileType = sourcecode.c.h; path = FBDebugLog.h; sourceTree = "<group>"; };
		EED62EEC20D12432006E86E5 /* FBDebugLog.m */ = {isa = PBXFileReference; fileEncoding = 4; lastKnownFileType = sourcecode.c.objc; path = FBDebugLog.m; sourceTree = "<group>"; };
		EED62EF520D1243E006E86E5 /* FBXCTestMain.h */ = {isa = PBXFileReference; fileEncoding = 4; lastKnownFileType = sourcecode.c.h; path = FBXCTestMain.h; sourceTree = "<group>"; };
		EED62EF620D1243E006E86E5 /* FBXCTestMain.m */ = {isa = PBXFileReference; fileEncoding = 4; lastKnownFileType = sourcecode.c.objc; path = FBXCTestMain.m; sourceTree = "<group>"; };
/* End PBXFileReference section */

/* Begin PBXFrameworksBuildPhase section */
		AA017F3E1BD7776B00F45E9D /* Frameworks */ = {
			isa = PBXFrameworksBuildPhase;
			buildActionMask = 2147483647;
			files = (
			);
			runOnlyForDeploymentPostprocessing = 0;
		};
		AA56EADF1EEF08720062C2BC /* Frameworks */ = {
			isa = PBXFrameworksBuildPhase;
			buildActionMask = 2147483647;
			files = (
			);
			runOnlyForDeploymentPostprocessing = 0;
		};
/* End PBXFrameworksBuildPhase section */

/* Begin PBXGroup section */
		AA017F381BD7776B00F45E9D = {
			isa = PBXGroup;
			children = (
				EED62ED420D1212D006E86E5 /* Configs */,
				EED62ED520D12134006E86E5 /* Tools */,
				EED62EE820D123CB006E86E5 /* TestLoadingShim */,
				EED62ED720D12147006E86E5 /* TestReporterShim */,
				EED62ED620D1213B006E86E5 /* TestCrashShim */,
				AA017F421BD7776B00F45E9D /* Products */,
			);
			sourceTree = "<group>";
		};
		AA017F421BD7776B00F45E9D /* Products */ = {
			isa = PBXGroup;
			children = (
				AA017F411BD7776B00F45E9D /* libShimulator.dylib */,
				AA56EAE21EEF08720062C2BC /* libMaculator.dylib */,
			);
			name = Products;
			sourceTree = "<group>";
		};
		EED62ED420D1212D006E86E5 /* Configs */ = {
			isa = PBXGroup;
			children = (
				EED62ED820D12209006E86E5 /* Maculator.xcconfig */,
				EED62ED920D12209006E86E5 /* Shimulator.xcconfig */,
			);
			path = Configs;
			sourceTree = "<group>";
		};
		EED62ED520D12134006E86E5 /* Tools */ = {
			isa = PBXGroup;
			children = (
				EED62EEB20D12431006E86E5 /* FBDebugLog.h */,
				EED62EEC20D12432006E86E5 /* FBDebugLog.m */,
				EED62EEA20D12431006E86E5 /* FBRuntimeTools.h */,
				EED62EE920D12431006E86E5 /* FBRuntimeTools.m */,
				EED62EDB20D12217006E86E5 /* XCTestPrivate.h */,
			);
			path = Tools;
			sourceTree = "<group>";
		};
		EED62ED620D1213B006E86E5 /* TestCrashShim */ = {
			isa = PBXGroup;
			children = (
				EED62EE620D1224C006E86E5 /* TestCrashShim.m */,
			);
			path = TestCrashShim;
			sourceTree = "<group>";
		};
		EED62ED720D12147006E86E5 /* TestReporterShim */ = {
			isa = PBXGroup;
			children = (
				EED62EE020D12242006E86E5 /* ReporterEvents.h */,
				EED62EE120D12242006E86E5 /* XCTestReporterShim.m */,
			);
			path = TestReporterShim;
			sourceTree = "<group>";
		};
		EED62EE820D123CB006E86E5 /* TestLoadingShim */ = {
			isa = PBXGroup;
			children = (
				EED62EF520D1243E006E86E5 /* FBXCTestMain.h */,
				EED62EF620D1243E006E86E5 /* FBXCTestMain.m */,
			);
			path = TestLoadingShim;
			sourceTree = "<group>";
		};
/* End PBXGroup section */

/* Begin PBXHeadersBuildPhase section */
		AA017F3F1BD7776B00F45E9D /* Headers */ = {
			isa = PBXHeadersBuildPhase;
			buildActionMask = 2147483647;
			files = (
				EED62EF720D1243E006E86E5 /* FBXCTestMain.h in Headers */,
				EED62EF120D12432006E86E5 /* FBDebugLog.h in Headers */,
				EED62EE220D12242006E86E5 /* ReporterEvents.h in Headers */,
				EED62EDE20D12217006E86E5 /* XCTestPrivate.h in Headers */,
				EED62EEF20D12432006E86E5 /* FBRuntimeTools.h in Headers */,
			);
			runOnlyForDeploymentPostprocessing = 0;
		};
		AA56EAE01EEF08720062C2BC /* Headers */ = {
			isa = PBXHeadersBuildPhase;
			buildActionMask = 2147483647;
			files = (
				EED62EF820D1243E006E86E5 /* FBXCTestMain.h in Headers */,
				EED62EF220D12432006E86E5 /* FBDebugLog.h in Headers */,
				EED62EE320D12242006E86E5 /* ReporterEvents.h in Headers */,
				EED62EDF20D12217006E86E5 /* XCTestPrivate.h in Headers */,
				EED62EF020D12432006E86E5 /* FBRuntimeTools.h in Headers */,
			);
			runOnlyForDeploymentPostprocessing = 0;
		};
/* End PBXHeadersBuildPhase section */

/* Begin PBXNativeTarget section */
		AA017F401BD7776B00F45E9D /* Shimulator */ = {
			isa = PBXNativeTarget;
			buildConfigurationList = AA017F451BD7776B00F45E9D /* Build configuration list for PBXNativeTarget "Shimulator" */;
			buildPhases = (
				2F430FD31FD829C200B2B8B6 /* Don't allow ARM binaries */,
				AA017F3D1BD7776B00F45E9D /* Sources */,
				AA017F3E1BD7776B00F45E9D /* Frameworks */,
				AA017F3F1BD7776B00F45E9D /* Headers */,
			);
			buildRules = (
			);
			dependencies = (
			);
			name = Shimulator;
			productName = Shimulator;
			productReference = AA017F411BD7776B00F45E9D /* libShimulator.dylib */;
			productType = "com.apple.product-type.library.dynamic";
		};
		AA56EAE11EEF08720062C2BC /* Maculator */ = {
			isa = PBXNativeTarget;
			buildConfigurationList = AA56EAEA1EEF08720062C2BC /* Build configuration list for PBXNativeTarget "Maculator" */;
			buildPhases = (
				AA56EADE1EEF08720062C2BC /* Sources */,
				AA56EADF1EEF08720062C2BC /* Frameworks */,
				AA56EAE01EEF08720062C2BC /* Headers */,
			);
			buildRules = (
			);
			dependencies = (
			);
			name = Maculator;
			productName = Maculator;
			productReference = AA56EAE21EEF08720062C2BC /* libMaculator.dylib */;
			productType = "com.apple.product-type.library.dynamic";
		};
/* End PBXNativeTarget section */

/* Begin PBXProject section */
		AA017F391BD7776B00F45E9D /* Project object */ = {
			isa = PBXProject;
			attributes = {
				LastUpgradeCheck = 0700;
				ORGANIZATIONNAME = Facebook;
				TargetAttributes = {
					AA017F401BD7776B00F45E9D = {
						CreatedOnToolsVersion = 7.0.1;
					};
					AA56EAE11EEF08720062C2BC = {
						CreatedOnToolsVersion = 9.0;
					};
				};
			};
			buildConfigurationList = AA017F3C1BD7776B00F45E9D /* Build configuration list for PBXProject "Shimulator" */;
			compatibilityVersion = "Xcode 3.2";
			developmentRegion = English;
			hasScannedForEncodings = 0;
			knownRegions = (
				English,
				en,
			);
			mainGroup = AA017F381BD7776B00F45E9D;
			productRefGroup = AA017F421BD7776B00F45E9D /* Products */;
			projectDirPath = "";
			projectRoot = "";
			targets = (
				AA017F401BD7776B00F45E9D /* Shimulator */,
				AA56EAE11EEF08720062C2BC /* Maculator */,
			);
		};
/* End PBXProject section */

/* Begin PBXShellScriptBuildPhase section */
		2F430FD31FD829C200B2B8B6 /* Don't allow ARM binaries */ = {
			isa = PBXShellScriptBuildPhase;
			buildActionMask = 12;
			files = (
			);
			inputPaths = (
			);
			name = "Don't allow ARM binaries";
			outputPaths = (
			);
			runOnlyForDeploymentPostprocessing = 0;
			shellPath = /bin/sh;
			shellScript = "if [[ \"${ARCHS}\" == *\"arm\"* ]];then\necho \"error: This will build an ARM binary, you (probably) don't want this (${ARCHS})\"\necho \"error: Tip: Perform a Run with Release configuration and use the resulting binary\"\nexit 1\nfi";
		};
/* End PBXShellScriptBuildPhase section */

/* Begin PBXSourcesBuildPhase section */
		AA017F3D1BD7776B00F45E9D /* Sources */ = {
			isa = PBXSourcesBuildPhase;
			buildActionMask = 2147483647;
			files = (
				EED62EF920D1243E006E86E5 /* FBXCTestMain.m in Sources */,
				EED62EF320D12432006E86E5 /* FBDebugLog.m in Sources */,
				EED62EE720D1224C006E86E5 /* TestCrashShim.m in Sources */,
				EED62EED20D12432006E86E5 /* FBRuntimeTools.m in Sources */,
				EED62EE420D12242006E86E5 /* XCTestReporterShim.m in Sources */,
			);
			runOnlyForDeploymentPostprocessing = 0;
		};
		AA56EADE1EEF08720062C2BC /* Sources */ = {
			isa = PBXSourcesBuildPhase;
			buildActionMask = 2147483647;
			files = (
				EED62EEE20D12432006E86E5 /* FBRuntimeTools.m in Sources */,
				EED62EFA20D1243E006E86E5 /* FBXCTestMain.m in Sources */,
				EED62EF420D12432006E86E5 /* FBDebugLog.m in Sources */,
				EED62EE520D12242006E86E5 /* XCTestReporterShim.m in Sources */,
			);
			runOnlyForDeploymentPostprocessing = 0;
		};
/* End PBXSourcesBuildPhase section */

/* Begin XCBuildConfiguration section */
		AA017F431BD7776B00F45E9D /* Debug */ = {
			isa = XCBuildConfiguration;
			buildSettings = {
				CLANG_ENABLE_MODULES = YES;
			};
			name = Debug;
		};
		AA017F441BD7776B00F45E9D /* Release */ = {
			isa = XCBuildConfiguration;
			buildSettings = {
				CLANG_ENABLE_MODULES = YES;
			};
			name = Release;
		};
		AA017F461BD7776B00F45E9D /* Debug */ = {
			isa = XCBuildConfiguration;
			baseConfigurationReference = EED62ED920D12209006E86E5 /* Shimulator.xcconfig */;
			buildSettings = {
			};
			name = Debug;
		};
		AA017F471BD7776B00F45E9D /* Release */ = {
			isa = XCBuildConfiguration;
			baseConfigurationReference = EED62ED920D12209006E86E5 /* Shimulator.xcconfig */;
			buildSettings = {
			};
			name = Release;
		};
		AA56EAE81EEF08720062C2BC /* Debug */ = {
			isa = XCBuildConfiguration;
			baseConfigurationReference = EED62ED820D12209006E86E5 /* Maculator.xcconfig */;
			buildSettings = {
			};
			name = Debug;
		};
		AA56EAE91EEF08720062C2BC /* Release */ = {
			isa = XCBuildConfiguration;
			baseConfigurationReference = EED62ED820D12209006E86E5 /* Maculator.xcconfig */;
			buildSettings = {
			};
			name = Release;
		};
/* End XCBuildConfiguration section */

/* Begin XCConfigurationList section */
		AA017F3C1BD7776B00F45E9D /* Build configuration list for PBXProject "Shimulator" */ = {
			isa = XCConfigurationList;
			buildConfigurations = (
				AA017F431BD7776B00F45E9D /* Debug */,
				AA017F441BD7776B00F45E9D /* Release */,
			);
			defaultConfigurationIsVisible = 0;
			defaultConfigurationName = Release;
		};
		AA017F451BD7776B00F45E9D /* Build configuration list for PBXNativeTarget "Shimulator" */ = {
			isa = XCConfigurationList;
			buildConfigurations = (
				AA017F461BD7776B00F45E9D /* Debug */,
				AA017F471BD7776B00F45E9D /* Release */,
			);
			defaultConfigurationIsVisible = 0;
			defaultConfigurationName = Release;
		};
		AA56EAEA1EEF08720062C2BC /* Build configuration list for PBXNativeTarget "Maculator" */ = {
			isa = XCConfigurationList;
			buildConfigurations = (
				AA56EAE81EEF08720062C2BC /* Debug */,
				AA56EAE91EEF08720062C2BC /* Release */,
			);
			defaultConfigurationIsVisible = 0;
			defaultConfigurationName = Release;
		};
/* End XCConfigurationList section */
	};
	rootObject = AA017F391BD7776B00F45E9D /* Project object */;
}
